
Microsoft Visual Studio Solution File, Format Version 12.00
# 
Project("{FAE04EC0-301F-11D3-BF4B-00C04F79EFBC}") = "AuctionService", "AuctionService\AuctionService.csproj", "{C8CA1DCE-0575-4982-B3D0-E612E6E03D51}"
EndProject
Project("{2150E333-8FDC-42A3-9474-1A3956D46DE8}") = "Solution Items", "Solution Items", "{FAE31330-BF01-42F3-B4B8-214CC3DBA501}"
	ProjectSection(SolutionItems) = preProject
		docker-compose.yml = docker-compose.yml
	EndProjectSection
EndProject
Project("{FAE04EC0-301F-11D3-BF4B-00C04F79EFBC}") = "SearchService", "SearchService\SearchService.csproj", "{666CA494-EA4E-4120-BD39-8AAE1889CE62}"
EndProject
Global
	GlobalSection(SolutionConfigurationPlatforms) = preSolution
		Debug|Any CPU = Debug|Any CPU
		Release|Any CPU = Release|Any CPU
	EndGlobalSection
	GlobalSection(ProjectConfigurationPlatforms) = postSolution
		{C8CA1DCE-0575-4982-B3D0-E612E6E03D51}.Debug|Any CPU.ActiveCfg = Debug|Any CPU
		{C8CA1DCE-0575-4982-B3D0-E612E6E03D51}.Debug|Any CPU.Build.0 = Debug|Any CPU
		{C8CA1DCE-0575-4982-B3D0-E612E6E03D51}.Release|Any CPU.ActiveCfg = Release|Any CPU
		{C8CA1DCE-0575-4982-B3D0-E612E6E03D51}.Release|Any CPU.Build.0 = Release|Any CPU
		{666CA494-EA4E-4120-BD39-8AAE1889CE62}.Debug|Any CPU.ActiveCfg = Debug|Any CPU
		{666CA494-EA4E-4120-BD39-8AAE1889CE62}.Debug|Any CPU.Build.0 = Debug|Any CPU
		{666CA494-EA4E-4120-BD39-8AAE1889CE62}.Release|Any CPU.ActiveCfg = Release|Any CPU
		{666CA494-EA4E-4120-BD39-8AAE1889CE62}.Release|Any CPU.Build.0 = Release|Any CPU
	EndGlobalSection
EndGlobal
